
Microsoft Visual Studio Solution File, Format Version 12.00
# Visual Studio Version 16
VisualStudioVersion = 16.0.31025.194
MinimumVisualStudioVersion = 10.0.40219.1
Project("{FAE04EC0-301F-11D3-BF4B-00C04F79EFBC}") = "ConsoleApp1", "ConsoleApp1\ConsoleApp1.csproj", "{166BD339-DC3D-4F61-8319-707D4E10F646}"
EndProject
Global
	GlobalSection(SolutionConfigurationPlatforms) = preSolution
		Debug|Any CPU = Debug|Any CPU
		Release|Any CPU = Release|Any CPU
	EndGlobalSection
	GlobalSection(ProjectConfigurationPlatforms) = postSolution
		{166BD339-DC3D-4F61-8319-707D4E10F646}.Debug|Any CPU.ActiveCfg = Debug|Any CPU
		{166BD339-DC3D-4F61-8319-707D4E10F646}.Debug|Any CPU.Build.0 = Debug|Any CPU
		{166BD339-DC3D-4F61-8319-707D4E10F646}.Release|Any CPU.ActiveCfg = Release|Any CPU
		{166BD339-DC3D-4F61-8319-707D4E10F646}.Release|Any CPU.Build.0 = Release|Any CPU
	EndGlobalSection
	GlobalSection(SolutionProperties) = preSolution
		HideSolutionNode = FALSE
	EndGlobalSection
	GlobalSection(ExtensibilityGlobals) = postSolution
		SolutionGuid = {75B3BA4B-16C3-422F-AA46-37CF62C71FAC}
	EndGlobalSection
EndGlobal
