
Microsoft Visual Studio Solution File, Format Version 12.00
# Visual Studio Version 16
VisualStudioVersion = 16.0.31025.194
MinimumVisualStudioVersion = 10.0.40219.1
Project("{9A19103F-16F7-4668-BE54-9A1E7A4F7556}") = "BT1-Fill and Print an array", "ConsoleApp1\BT1-Fill and Print an array.csproj", "{166BD339-DC3D-4F61-8319-707D4E10F646}"
EndProject
Project("{9A19103F-16F7-4668-BE54-9A1E7A4F7556}") = "BT2-Reverse", "Reverse\BT2-Reverse.csproj", "{5DCE50C4-2D5F-4047-A76F-BEE9B76D54C4}"
EndProject
Project("{9A19103F-16F7-4668-BE54-9A1E7A4F7556}") = "BT3-PrettyPrint", "PrettyPrint\BT3-PrettyPrint.csproj", "{4EE23A8D-A970-4BD8-B0E7-9ACFAF61AD18}"
EndProject
Project("{9A19103F-16F7-4668-BE54-9A1E7A4F7556}") = "BT4-Prettyprint02", "Prettyprint02\BT4-Prettyprint02.csproj", "{057FCBD5-2B5D-4622-865C-92C23C925FBD}"
EndProject
Project("{9A19103F-16F7-4668-BE54-9A1E7A4F7556}") = "BT5-Random array", "BT5-Random array\BT5-Random array.csproj", "{678BC614-C9A3-4F31-A8A2-94F18D5C2E43}"
EndProject
Project("{9A19103F-16F7-4668-BE54-9A1E7A4F7556}") = "BT6-Copy and double", "BT6-Copy and double\BT6-Copy and double.csproj", "{6B97B19A-1EB0-4B19-8358-6836733E2EE0}"
EndProject
Project("{9A19103F-16F7-4668-BE54-9A1E7A4F7556}") = "BT7-Searching an array for a given number", "BT7-Searching an array for a given number\BT7-Searching an array for a given number.csproj", "{8ED19B41-29E1-4C68-8A42-D31F8E252364}"
EndProject
Project("{9A19103F-16F7-4668-BE54-9A1E7A4F7556}") = "BT8-Find the maximum element of an array", "BT8-Find the maximum element of an array\BT8-Find the maximum element of an array.csproj", "{001D90B6-7AC9-44F4-815C-470D18559B7D}"
EndProject
Project("{9A19103F-16F7-4668-BE54-9A1E7A4F7556}") = "BT9-Test subset", "BT9-Test subset\BT9-Test subset.csproj", "{8D45D7B6-58DF-489D-8D7B-42B4FC1B6B26}"
EndProject
Project("{9A19103F-16F7-4668-BE54-9A1E7A4F7556}") = "BTthem10-Parity test", "BT10-Parity test\BTthem10-Parity test.csproj", "{DE11A46D-0287-45AE-B11E-A9F9C25EF587}"
EndProject
Project("{9A19103F-16F7-4668-BE54-9A1E7A4F7556}") = "BTthem11-Parity test bit", "BTthem11-Parity test bit\BTthem11-Parity test bit.csproj", "{A5464D70-FCA7-4144-AA23-08FCA76BB0BB}"
EndProject
Project("{9A19103F-16F7-4668-BE54-9A1E7A4F7556}") = "BTthem12-Primality Test", "BTthem12-Primality Test\BTthem12-Primality Test.csproj", "{4B0B3A2B-7204-44E2-83F3-1A132AE84BE2}"
EndProject
Project("{9A19103F-16F7-4668-BE54-9A1E7A4F7556}") = "BTthem13-The Sieve of Eratosthen", "BTthem13-The Sieve of Eratosthen\BTthem13-The Sieve of Eratosthen.csproj", "{EB9EDF68-2E05-4187-A3B1-5477428615DB}"
EndProject
Project("{9A19103F-16F7-4668-BE54-9A1E7A4F7556}") = "BTthem14-Reverse Integer", "BTthem14-Reverse Integer\BTthem14-Reverse Integer.csproj", "{BDD32EFB-19AF-43EB-9754-EBF8E6A315BE}"
EndProject
Project("{9A19103F-16F7-4668-BE54-9A1E7A4F7556}") = "BTthem15-RemoveACharacter", "BTthem15-RemoveACharacter\BTthem15-RemoveACharacter.csproj", "{CE073E7E-F67B-4663-9A2C-06F3306D82F2}"
EndProject
Project("{9A19103F-16F7-4668-BE54-9A1E7A4F7556}") = "BTthem16-Sanitiser", "BTthem16-Sanitiser\BTthem16-Sanitiser.csproj", "{42458DAE-0C64-43D5-AB6E-B1BEE7E7679B}"
EndProject
Project("{9A19103F-16F7-4668-BE54-9A1E7A4F7556}") = "BTthem17- Multiplication Table", "BTthem17- Multiplication Table\BTthem17- Multiplication Table.csproj", "{177762AD-459C-42C7-9A8A-9B7831DFFEDC}"
EndProject
Project("{9A19103F-16F7-4668-BE54-9A1E7A4F7556}") = "Sorting", "Sorting\Sorting.csproj", "{660D8D8C-EE24-4F45-A659-D628BDCA5133}"
EndProject
Project("{9A19103F-16F7-4668-BE54-9A1E7A4F7556}") = "palindrome", "palindrome\palindrome.csproj", "{005307E6-71BC-46FA-88BC-63DD13E1C517}"
EndProject
Project("{9A19103F-16F7-4668-BE54-9A1E7A4F7556}") = "Lowercase", "Frequency\Lowercase.csproj", "{BEBFF111-984A-4D35-8CB3-B0C50843EDCE}"
EndProject
Project("{9A19103F-16F7-4668-BE54-9A1E7A4F7556}") = "Proper Case", "Proper Case\Proper Case.csproj", "{375110B3-8C36-4FDF-9D56-4F69F75002DA}"
EndProject
Project("{9A19103F-16F7-4668-BE54-9A1E7A4F7556}") = "Count Frequency", "Count Frequency\Count Frequency.csproj", "{BB6E6BB7-3C90-4B25-BEA9-9963D5A72E48}"
EndProject
Project("{9A19103F-16F7-4668-BE54-9A1E7A4F7556}") = "Binary conversion", "Binary conversion\Binary conversion.csproj", "{137ABBDC-CCD7-4F63-A3E9-16A84A33EC3B}"
EndProject
Project("{9A19103F-16F7-4668-BE54-9A1E7A4F7556}") = "Selection Sort", "Selection Sort\Selection Sort.csproj", "{1016F676-4294-4495-92C7-29C776DBDD99}"
EndProject
Project("{9A19103F-16F7-4668-BE54-9A1E7A4F7556}") = "Cocktail Sort", "Cocktail Sort\Cocktail Sort.csproj", "{DB6A3719-C367-4A58-BF3C-E7AF6D4D9060}"
EndProject
Project("{FAE04EC0-301F-11D3-BF4B-00C04F79EFBC}") = "Insertion Sort", "Insertion Sort\Insertion Sort.csproj", "{FA2D59C4-2624-4A86-A1EB-8A606A3BC619}"
EndProject
Global
	GlobalSection(SolutionConfigurationPlatforms) = preSolution
		Debug|Any CPU = Debug|Any CPU
		Release|Any CPU = Release|Any CPU
	EndGlobalSection
	GlobalSection(ProjectConfigurationPlatforms) = postSolution
		{166BD339-DC3D-4F61-8319-707D4E10F646}.Debug|Any CPU.ActiveCfg = Debug|Any CPU
		{166BD339-DC3D-4F61-8319-707D4E10F646}.Debug|Any CPU.Build.0 = Debug|Any CPU
		{166BD339-DC3D-4F61-8319-707D4E10F646}.Release|Any CPU.ActiveCfg = Release|Any CPU
		{166BD339-DC3D-4F61-8319-707D4E10F646}.Release|Any CPU.Build.0 = Release|Any CPU
		{5DCE50C4-2D5F-4047-A76F-BEE9B76D54C4}.Debug|Any CPU.ActiveCfg = Debug|Any CPU
		{5DCE50C4-2D5F-4047-A76F-BEE9B76D54C4}.Debug|Any CPU.Build.0 = Debug|Any CPU
		{5DCE50C4-2D5F-4047-A76F-BEE9B76D54C4}.Release|Any CPU.ActiveCfg = Release|Any CPU
		{5DCE50C4-2D5F-4047-A76F-BEE9B76D54C4}.Release|Any CPU.Build.0 = Release|Any CPU
		{4EE23A8D-A970-4BD8-B0E7-9ACFAF61AD18}.Debug|Any CPU.ActiveCfg = Debug|Any CPU
		{4EE23A8D-A970-4BD8-B0E7-9ACFAF61AD18}.Debug|Any CPU.Build.0 = Debug|Any CPU
		{4EE23A8D-A970-4BD8-B0E7-9ACFAF61AD18}.Release|Any CPU.ActiveCfg = Release|Any CPU
		{4EE23A8D-A970-4BD8-B0E7-9ACFAF61AD18}.Release|Any CPU.Build.0 = Release|Any CPU
		{057FCBD5-2B5D-4622-865C-92C23C925FBD}.Debug|Any CPU.ActiveCfg = Debug|Any CPU
		{057FCBD5-2B5D-4622-865C-92C23C925FBD}.Debug|Any CPU.Build.0 = Debug|Any CPU
		{057FCBD5-2B5D-4622-865C-92C23C925FBD}.Release|Any CPU.ActiveCfg = Release|Any CPU
		{057FCBD5-2B5D-4622-865C-92C23C925FBD}.Release|Any CPU.Build.0 = Release|Any CPU
		{678BC614-C9A3-4F31-A8A2-94F18D5C2E43}.Debug|Any CPU.ActiveCfg = Debug|Any CPU
		{678BC614-C9A3-4F31-A8A2-94F18D5C2E43}.Debug|Any CPU.Build.0 = Debug|Any CPU
		{678BC614-C9A3-4F31-A8A2-94F18D5C2E43}.Release|Any CPU.ActiveCfg = Release|Any CPU
		{678BC614-C9A3-4F31-A8A2-94F18D5C2E43}.Release|Any CPU.Build.0 = Release|Any CPU
		{6B97B19A-1EB0-4B19-8358-6836733E2EE0}.Debug|Any CPU.ActiveCfg = Debug|Any CPU
		{6B97B19A-1EB0-4B19-8358-6836733E2EE0}.Debug|Any CPU.Build.0 = Debug|Any CPU
		{6B97B19A-1EB0-4B19-8358-6836733E2EE0}.Release|Any CPU.ActiveCfg = Release|Any CPU
		{6B97B19A-1EB0-4B19-8358-6836733E2EE0}.Release|Any CPU.Build.0 = Release|Any CPU
		{8ED19B41-29E1-4C68-8A42-D31F8E252364}.Debug|Any CPU.ActiveCfg = Debug|Any CPU
		{8ED19B41-29E1-4C68-8A42-D31F8E252364}.Debug|Any CPU.Build.0 = Debug|Any CPU
		{8ED19B41-29E1-4C68-8A42-D31F8E252364}.Release|Any CPU.ActiveCfg = Release|Any CPU
		{8ED19B41-29E1-4C68-8A42-D31F8E252364}.Release|Any CPU.Build.0 = Release|Any CPU
		{001D90B6-7AC9-44F4-815C-470D18559B7D}.Debug|Any CPU.ActiveCfg = Debug|Any CPU
		{001D90B6-7AC9-44F4-815C-470D18559B7D}.Debug|Any CPU.Build.0 = Debug|Any CPU
		{001D90B6-7AC9-44F4-815C-470D18559B7D}.Release|Any CPU.ActiveCfg = Release|Any CPU
		{001D90B6-7AC9-44F4-815C-470D18559B7D}.Release|Any CPU.Build.0 = Release|Any CPU
		{8D45D7B6-58DF-489D-8D7B-42B4FC1B6B26}.Debug|Any CPU.ActiveCfg = Debug|Any CPU
		{8D45D7B6-58DF-489D-8D7B-42B4FC1B6B26}.Debug|Any CPU.Build.0 = Debug|Any CPU
		{8D45D7B6-58DF-489D-8D7B-42B4FC1B6B26}.Release|Any CPU.ActiveCfg = Release|Any CPU
		{8D45D7B6-58DF-489D-8D7B-42B4FC1B6B26}.Release|Any CPU.Build.0 = Release|Any CPU
		{DE11A46D-0287-45AE-B11E-A9F9C25EF587}.Debug|Any CPU.ActiveCfg = Debug|Any CPU
		{DE11A46D-0287-45AE-B11E-A9F9C25EF587}.Debug|Any CPU.Build.0 = Debug|Any CPU
		{DE11A46D-0287-45AE-B11E-A9F9C25EF587}.Release|Any CPU.ActiveCfg = Release|Any CPU
		{DE11A46D-0287-45AE-B11E-A9F9C25EF587}.Release|Any CPU.Build.0 = Release|Any CPU
		{A5464D70-FCA7-4144-AA23-08FCA76BB0BB}.Debug|Any CPU.ActiveCfg = Debug|Any CPU
		{A5464D70-FCA7-4144-AA23-08FCA76BB0BB}.Debug|Any CPU.Build.0 = Debug|Any CPU
		{A5464D70-FCA7-4144-AA23-08FCA76BB0BB}.Release|Any CPU.ActiveCfg = Release|Any CPU
		{A5464D70-FCA7-4144-AA23-08FCA76BB0BB}.Release|Any CPU.Build.0 = Release|Any CPU
		{4B0B3A2B-7204-44E2-83F3-1A132AE84BE2}.Debug|Any CPU.ActiveCfg = Debug|Any CPU
		{4B0B3A2B-7204-44E2-83F3-1A132AE84BE2}.Debug|Any CPU.Build.0 = Debug|Any CPU
		{4B0B3A2B-7204-44E2-83F3-1A132AE84BE2}.Release|Any CPU.ActiveCfg = Release|Any CPU
		{4B0B3A2B-7204-44E2-83F3-1A132AE84BE2}.Release|Any CPU.Build.0 = Release|Any CPU
		{EB9EDF68-2E05-4187-A3B1-5477428615DB}.Debug|Any CPU.ActiveCfg = Debug|Any CPU
		{EB9EDF68-2E05-4187-A3B1-5477428615DB}.Debug|Any CPU.Build.0 = Debug|Any CPU
		{EB9EDF68-2E05-4187-A3B1-5477428615DB}.Release|Any CPU.ActiveCfg = Release|Any CPU
		{EB9EDF68-2E05-4187-A3B1-5477428615DB}.Release|Any CPU.Build.0 = Release|Any CPU
		{BDD32EFB-19AF-43EB-9754-EBF8E6A315BE}.Debug|Any CPU.ActiveCfg = Debug|Any CPU
		{BDD32EFB-19AF-43EB-9754-EBF8E6A315BE}.Debug|Any CPU.Build.0 = Debug|Any CPU
		{BDD32EFB-19AF-43EB-9754-EBF8E6A315BE}.Release|Any CPU.ActiveCfg = Release|Any CPU
		{BDD32EFB-19AF-43EB-9754-EBF8E6A315BE}.Release|Any CPU.Build.0 = Release|Any CPU
		{CE073E7E-F67B-4663-9A2C-06F3306D82F2}.Debug|Any CPU.ActiveCfg = Debug|Any CPU
		{CE073E7E-F67B-4663-9A2C-06F3306D82F2}.Debug|Any CPU.Build.0 = Debug|Any CPU
		{CE073E7E-F67B-4663-9A2C-06F3306D82F2}.Release|Any CPU.ActiveCfg = Release|Any CPU
		{CE073E7E-F67B-4663-9A2C-06F3306D82F2}.Release|Any CPU.Build.0 = Release|Any CPU
		{42458DAE-0C64-43D5-AB6E-B1BEE7E7679B}.Debug|Any CPU.ActiveCfg = Debug|Any CPU
		{42458DAE-0C64-43D5-AB6E-B1BEE7E7679B}.Debug|Any CPU.Build.0 = Debug|Any CPU
		{42458DAE-0C64-43D5-AB6E-B1BEE7E7679B}.Release|Any CPU.ActiveCfg = Release|Any CPU
		{42458DAE-0C64-43D5-AB6E-B1BEE7E7679B}.Release|Any CPU.Build.0 = Release|Any CPU
		{177762AD-459C-42C7-9A8A-9B7831DFFEDC}.Debug|Any CPU.ActiveCfg = Debug|Any CPU
		{177762AD-459C-42C7-9A8A-9B7831DFFEDC}.Debug|Any CPU.Build.0 = Debug|Any CPU
		{177762AD-459C-42C7-9A8A-9B7831DFFEDC}.Release|Any CPU.ActiveCfg = Release|Any CPU
		{177762AD-459C-42C7-9A8A-9B7831DFFEDC}.Release|Any CPU.Build.0 = Release|Any CPU
		{660D8D8C-EE24-4F45-A659-D628BDCA5133}.Debug|Any CPU.ActiveCfg = Debug|Any CPU
		{660D8D8C-EE24-4F45-A659-D628BDCA5133}.Debug|Any CPU.Build.0 = Debug|Any CPU
		{660D8D8C-EE24-4F45-A659-D628BDCA5133}.Release|Any CPU.ActiveCfg = Release|Any CPU
		{660D8D8C-EE24-4F45-A659-D628BDCA5133}.Release|Any CPU.Build.0 = Release|Any CPU
		{005307E6-71BC-46FA-88BC-63DD13E1C517}.Debug|Any CPU.ActiveCfg = Debug|Any CPU
		{005307E6-71BC-46FA-88BC-63DD13E1C517}.Debug|Any CPU.Build.0 = Debug|Any CPU
		{005307E6-71BC-46FA-88BC-63DD13E1C517}.Release|Any CPU.ActiveCfg = Release|Any CPU
		{005307E6-71BC-46FA-88BC-63DD13E1C517}.Release|Any CPU.Build.0 = Release|Any CPU
		{BEBFF111-984A-4D35-8CB3-B0C50843EDCE}.Debug|Any CPU.ActiveCfg = Debug|Any CPU
		{BEBFF111-984A-4D35-8CB3-B0C50843EDCE}.Debug|Any CPU.Build.0 = Debug|Any CPU
		{BEBFF111-984A-4D35-8CB3-B0C50843EDCE}.Release|Any CPU.ActiveCfg = Release|Any CPU
		{BEBFF111-984A-4D35-8CB3-B0C50843EDCE}.Release|Any CPU.Build.0 = Release|Any CPU
		{375110B3-8C36-4FDF-9D56-4F69F75002DA}.Debug|Any CPU.ActiveCfg = Debug|Any CPU
		{375110B3-8C36-4FDF-9D56-4F69F75002DA}.Debug|Any CPU.Build.0 = Debug|Any CPU
		{375110B3-8C36-4FDF-9D56-4F69F75002DA}.Release|Any CPU.ActiveCfg = Release|Any CPU
		{375110B3-8C36-4FDF-9D56-4F69F75002DA}.Release|Any CPU.Build.0 = Release|Any CPU
		{BB6E6BB7-3C90-4B25-BEA9-9963D5A72E48}.Debug|Any CPU.ActiveCfg = Debug|Any CPU
		{BB6E6BB7-3C90-4B25-BEA9-9963D5A72E48}.Debug|Any CPU.Build.0 = Debug|Any CPU
		{BB6E6BB7-3C90-4B25-BEA9-9963D5A72E48}.Release|Any CPU.ActiveCfg = Release|Any CPU
		{BB6E6BB7-3C90-4B25-BEA9-9963D5A72E48}.Release|Any CPU.Build.0 = Release|Any CPU
		{137ABBDC-CCD7-4F63-A3E9-16A84A33EC3B}.Debug|Any CPU.ActiveCfg = Debug|Any CPU
		{137ABBDC-CCD7-4F63-A3E9-16A84A33EC3B}.Debug|Any CPU.Build.0 = Debug|Any CPU
		{137ABBDC-CCD7-4F63-A3E9-16A84A33EC3B}.Release|Any CPU.ActiveCfg = Release|Any CPU
		{137ABBDC-CCD7-4F63-A3E9-16A84A33EC3B}.Release|Any CPU.Build.0 = Release|Any CPU
		{1016F676-4294-4495-92C7-29C776DBDD99}.Debug|Any CPU.ActiveCfg = Debug|Any CPU
		{1016F676-4294-4495-92C7-29C776DBDD99}.Debug|Any CPU.Build.0 = Debug|Any CPU
		{1016F676-4294-4495-92C7-29C776DBDD99}.Release|Any CPU.ActiveCfg = Release|Any CPU
		{1016F676-4294-4495-92C7-29C776DBDD99}.Release|Any CPU.Build.0 = Release|Any CPU
		{DB6A3719-C367-4A58-BF3C-E7AF6D4D9060}.Debug|Any CPU.ActiveCfg = Debug|Any CPU
		{DB6A3719-C367-4A58-BF3C-E7AF6D4D9060}.Debug|Any CPU.Build.0 = Debug|Any CPU
		{DB6A3719-C367-4A58-BF3C-E7AF6D4D9060}.Release|Any CPU.ActiveCfg = Release|Any CPU
		{DB6A3719-C367-4A58-BF3C-E7AF6D4D9060}.Release|Any CPU.Build.0 = Release|Any CPU
		{FA2D59C4-2624-4A86-A1EB-8A606A3BC619}.Debug|Any CPU.ActiveCfg = Debug|Any CPU
		{FA2D59C4-2624-4A86-A1EB-8A606A3BC619}.Debug|Any CPU.Build.0 = Debug|Any CPU
		{FA2D59C4-2624-4A86-A1EB-8A606A3BC619}.Release|Any CPU.ActiveCfg = Release|Any CPU
		{FA2D59C4-2624-4A86-A1EB-8A606A3BC619}.Release|Any CPU.Build.0 = Release|Any CPU
	EndGlobalSection
	GlobalSection(SolutionProperties) = preSolution
		HideSolutionNode = FALSE
	EndGlobalSection
	GlobalSection(ExtensibilityGlobals) = postSolution
		SolutionGuid = {75B3BA4B-16C3-422F-AA46-37CF62C71FAC}
	EndGlobalSection
EndGlobal
